
Microsoft Visual Studio Solution File, Format Version 12.00
# Visual Studio Version 16
VisualStudioVersion = 16.0.33214.272
MinimumVisualStudioVersion = 10.0.40219.1
Project("{FAE04EC0-301F-11D3-BF4B-00C04F79EFBC}") = "Pet", "Pet.csproj", "{75B503DA-6983-4FBA-A7B6-A67212432923}"
EndProject
Global
	GlobalSection(SolutionConfigurationPlatforms) = preSolution
		Debug|Any CPU = Debug|Any CPU
		Release|Any CPU = Release|Any CPU
	EndGlobalSection
	GlobalSection(ProjectConfigurationPlatforms) = postSolution
		{75B503DA-6983-4FBA-A7B6-A67212432923}.Debug|Any CPU.ActiveCfg = Debug|Any CPU
		{75B503DA-6983-4FBA-A7B6-A67212432923}.Debug|Any CPU.Build.0 = Debug|Any CPU
		{75B503DA-6983-4FBA-A7B6-A67212432923}.Release|Any CPU.ActiveCfg = Release|Any CPU
		{75B503DA-6983-4FBA-A7B6-A67212432923}.Release|Any CPU.Build.0 = Release|Any CPU
	EndGlobalSection
	GlobalSection(SolutionProperties) = preSolution
		HideSolutionNode = FALSE
	EndGlobalSection
	GlobalSection(ExtensibilityGlobals) = postSolution
		SolutionGuid = {282116E1-DBC1-4D44-A221-05B5B983C015}
	EndGlobalSection
EndGlobal
